// !$*UTF8*$!
{
	archiveVersion = 1;
	classes = {
	};
	objectVersion = 50;
	objects = {

/* Begin PBXBuildFile section */
		F42EE70A2361B8F1006C1FCE /* OrderView.swift in Sources */ = {isa = PBXBuildFile; fileRef = F42EE7092361B8F1006C1FCE /* OrderView.swift */; };
		F49EC9ED2360930C0037889F /* AppDelegate.swift in Sources */ = {isa = PBXBuildFile; fileRef = F49EC9EC2360930C0037889F /* AppDelegate.swift */; };
		F49EC9EF2360930C0037889F /* SceneDelegate.swift in Sources */ = {isa = PBXBuildFile; fileRef = F49EC9EE2360930C0037889F /* SceneDelegate.swift */; };
		F49EC9F12360930C0037889F /* ContentView.swift in Sources */ = {isa = PBXBuildFile; fileRef = F49EC9F02360930C0037889F /* ContentView.swift */; };
		F49EC9F3236093200037889F /* Assets.xcassets in Resources */ = {isa = PBXBuildFile; fileRef = F49EC9F2236093200037889F /* Assets.xcassets */; };
		F49EC9F6236093200037889F /* Preview Assets.xcassets in Resources */ = {isa = PBXBuildFile; fileRef = F49EC9F5236093200037889F /* Preview Assets.xcassets */; };
		F49EC9F9236093200037889F /* LaunchScreen.storyboard in Resources */ = {isa = PBXBuildFile; fileRef = F49EC9F7236093200037889F /* LaunchScreen.storyboard */; };
		F49ECA022360951C0037889F /* MenuItem.swift in Sources */ = {isa = PBXBuildFile; fileRef = F49ECA012360951C0037889F /* MenuItem.swift */; };
		F49ECA04236095EE0037889F /* Categories.swift in Sources */ = {isa = PBXBuildFile; fileRef = F49ECA03236095EE0037889F /* Categories.swift */; };
		F49ECA06236096060037889F /* PreparationTime.swift in Sources */ = {isa = PBXBuildFile; fileRef = F49ECA05236096060037889F /* PreparationTime.swift */; };
		F49ECA082360963F0037889F /* Order.swift in Sources */ = {isa = PBXBuildFile; fileRef = F49ECA072360963F0037889F /* Order.swift */; };
		F49ECA0B236096E80037889F /* MenuController.swift in Sources */ = {isa = PBXBuildFile; fileRef = F49ECA0A236096E80037889F /* MenuController.swift */; };
		F49ECA0E23609B510037889F /* CategoryTableView.swift in Sources */ = {isa = PBXBuildFile; fileRef = F49ECA0D23609B510037889F /* CategoryTableView.swift */; };
		F49ECA1023609F280037889F /* MenuTableView.swift in Sources */ = {isa = PBXBuildFile; fileRef = F49ECA0F23609F280037889F /* MenuTableView.swift */; };
		F49ECA122360B50B0037889F /* MenuItemDetailView.swift in Sources */ = {isa = PBXBuildFile; fileRef = F49ECA112360B50A0037889F /* MenuItemDetailView.swift */; };
/* End PBXBuildFile section */

/* Begin PBXFileReference section */
		F42EE7092361B8F1006C1FCE /* OrderView.swift */ = {isa = PBXFileReference; lastKnownFileType = sourcecode.swift; path = OrderView.swift; sourceTree = "<group>"; };
		F49EC9E92360930C0037889F /* Allo-Apple-SwiftUI.app */ = {isa = PBXFileReference; explicitFileType = wrapper.application; includeInIndex = 0; path = "Allo-Apple-SwiftUI.app"; sourceTree = BUILT_PRODUCTS_DIR; };
		F49EC9EC2360930C0037889F /* AppDelegate.swift */ = {isa = PBXFileReference; lastKnownFileType = sourcecode.swift; path = AppDelegate.swift; sourceTree = "<group>"; };
		F49EC9EE2360930C0037889F /* SceneDelegate.swift */ = {isa = PBXFileReference; lastKnownFileType = sourcecode.swift; path = SceneDelegate.swift; sourceTree = "<group>"; };
		F49EC9F02360930C0037889F /* ContentView.swift */ = {isa = PBXFileReference; lastKnownFileType = sourcecode.swift; path = ContentView.swift; sourceTree = "<group>"; };
		F49EC9F2236093200037889F /* Assets.xcassets */ = {isa = PBXFileReference; lastKnownFileType = folder.assetcatalog; path = Assets.xcassets; sourceTree = "<group>"; };
		F49EC9F5236093200037889F /* Preview Assets.xcassets */ = {isa = PBXFileReference; lastKnownFileType = folder.assetcatalog; path = "Preview Assets.xcassets"; sourceTree = "<group>"; };
		F49EC9F8236093200037889F /* Base */ = {isa = PBXFileReference; lastKnownFileType = file.storyboard; name = Base; path = Base.lproj/LaunchScreen.storyboard; sourceTree = "<group>"; };
		F49EC9FA236093200037889F /* Info.plist */ = {isa = PBXFileReference; lastKnownFileType = text.plist.xml; path = Info.plist; sourceTree = "<group>"; };
		F49ECA012360951C0037889F /* MenuItem.swift */ = {isa = PBXFileReference; lastKnownFileType = sourcecode.swift; path = MenuItem.swift; sourceTree = "<group>"; };
		F49ECA03236095EE0037889F /* Categories.swift */ = {isa = PBXFileReference; lastKnownFileType = sourcecode.swift; path = Categories.swift; sourceTree = "<group>"; };
		F49ECA05236096060037889F /* PreparationTime.swift */ = {isa = PBXFileReference; lastKnownFileType = sourcecode.swift; path = PreparationTime.swift; sourceTree = "<group>"; };
		F49ECA072360963F0037889F /* Order.swift */ = {isa = PBXFileReference; lastKnownFileType = sourcecode.swift; path = Order.swift; sourceTree = "<group>"; };
		F49ECA0A236096E80037889F /* MenuController.swift */ = {isa = PBXFileReference; lastKnownFileType = sourcecode.swift; path = MenuController.swift; sourceTree = "<group>"; };
		F49ECA0D23609B510037889F /* CategoryTableView.swift */ = {isa = PBXFileReference; lastKnownFileType = sourcecode.swift; path = CategoryTableView.swift; sourceTree = "<group>"; };
		F49ECA0F23609F280037889F /* MenuTableView.swift */ = {isa = PBXFileReference; lastKnownFileType = sourcecode.swift; path = MenuTableView.swift; sourceTree = "<group>"; };
		F49ECA112360B50A0037889F /* MenuItemDetailView.swift */ = {isa = PBXFileReference; lastKnownFileType = sourcecode.swift; path = MenuItemDetailView.swift; sourceTree = "<group>"; };
/* End PBXFileReference section */

/* Begin PBXFrameworksBuildPhase section */
		F49EC9E62360930C0037889F /* Frameworks */ = {
			isa = PBXFrameworksBuildPhase;
			buildActionMask = 2147483647;
			files = (
			);
			runOnlyForDeploymentPostprocessing = 0;
		};
/* End PBXFrameworksBuildPhase section */

/* Begin PBXGroup section */
		F49EC9E02360930C0037889F = {
			isa = PBXGroup;
			children = (
				F49EC9EB2360930C0037889F /* Allo-Apple-SwiftUI */,
				F49EC9EA2360930C0037889F /* Products */,
			);
			sourceTree = "<group>";
		};
		F49EC9EA2360930C0037889F /* Products */ = {
			isa = PBXGroup;
			children = (
				F49EC9E92360930C0037889F /* Allo-Apple-SwiftUI.app */,
			);
			name = Products;
			sourceTree = "<group>";
		};
		F49EC9EB2360930C0037889F /* Allo-Apple-SwiftUI */ = {
			isa = PBXGroup;
			children = (
				F49ECA0C23609B000037889F /* View */,
				F49ECA09236096D70037889F /* Controller */,
				F49ECA002360950A0037889F /* Model */,
				F49EC9EC2360930C0037889F /* AppDelegate.swift */,
				F49EC9EE2360930C0037889F /* SceneDelegate.swift */,
				F49EC9F2236093200037889F /* Assets.xcassets */,
				F49EC9F7236093200037889F /* LaunchScreen.storyboard */,
				F49EC9FA236093200037889F /* Info.plist */,
				F49EC9F4236093200037889F /* Preview Content */,
			);
			path = "Allo-Apple-SwiftUI";
			sourceTree = "<group>";
		};
		F49EC9F4236093200037889F /* Preview Content */ = {
			isa = PBXGroup;
			children = (
				F49EC9F5236093200037889F /* Preview Assets.xcassets */,
			);
			path = "Preview Content";
			sourceTree = "<group>";
		};
		F49ECA002360950A0037889F /* Model */ = {
			isa = PBXGroup;
			children = (
				F49ECA012360951C0037889F /* MenuItem.swift */,
				F49ECA03236095EE0037889F /* Categories.swift */,
				F49ECA05236096060037889F /* PreparationTime.swift */,
				F49ECA072360963F0037889F /* Order.swift */,
			);
			path = Model;
			sourceTree = "<group>";
		};
		F49ECA09236096D70037889F /* Controller */ = {
			isa = PBXGroup;
			children = (
				F49ECA0A236096E80037889F /* MenuController.swift */,
			);
			path = Controller;
			sourceTree = "<group>";
		};
		F49ECA0C23609B000037889F /* View */ = {
			isa = PBXGroup;
			children = (
				F49EC9F02360930C0037889F /* ContentView.swift */,
				F49ECA0D23609B510037889F /* CategoryTableView.swift */,
				F49ECA0F23609F280037889F /* MenuTableView.swift */,
				F49ECA112360B50A0037889F /* MenuItemDetailView.swift */,
				F42EE7092361B8F1006C1FCE /* OrderView.swift */,
			);
			path = View;
			sourceTree = "<group>";
		};
/* End PBXGroup section */

/* Begin PBXNativeTarget section */
		F49EC9E82360930C0037889F /* Allo-Apple-SwiftUI */ = {
			isa = PBXNativeTarget;
			buildConfigurationList = F49EC9FD236093200037889F /* Build configuration list for PBXNativeTarget "Allo-Apple-SwiftUI" */;
			buildPhases = (
				F49EC9E52360930C0037889F /* Sources */,
				F49EC9E62360930C0037889F /* Frameworks */,
				F49EC9E72360930C0037889F /* Resources */,
			);
			buildRules = (
			);
			dependencies = (
			);
			name = "Allo-Apple-SwiftUI";
			productName = "Allo-Apple-SwiftUI";
			productReference = F49EC9E92360930C0037889F /* Allo-Apple-SwiftUI.app */;
			productType = "com.apple.product-type.application";
		};
/* End PBXNativeTarget section */

/* Begin PBXProject section */
		F49EC9E12360930C0037889F /* Project object */ = {
			isa = PBXProject;
			attributes = {
				LastSwiftUpdateCheck = 1110;
				LastUpgradeCheck = 1110;
				ORGANIZATIONNAME = "Sélim Chiki";
				TargetAttributes = {
					F49EC9E82360930C0037889F = {
						CreatedOnToolsVersion = 11.1;
					};
				};
			};
			buildConfigurationList = F49EC9E42360930C0037889F /* Build configuration list for PBXProject "Allo-Apple-SwiftUI" */;
			compatibilityVersion = "Xcode 9.3";
			developmentRegion = en;
			hasScannedForEncodings = 0;
			knownRegions = (
				en,
				Base,
			);
			mainGroup = F49EC9E02360930C0037889F;
			productRefGroup = F49EC9EA2360930C0037889F /* Products */;
			projectDirPath = "";
			projectRoot = "";
			targets = (
				F49EC9E82360930C0037889F /* Allo-Apple-SwiftUI */,
			);
		};
/* End PBXProject section */

/* Begin PBXResourcesBuildPhase section */
		F49EC9E72360930C0037889F /* Resources */ = {
			isa = PBXResourcesBuildPhase;
			buildActionMask = 2147483647;
			files = (
				F49EC9F9236093200037889F /* LaunchScreen.storyboard in Resources */,
				F49EC9F6236093200037889F /* Preview Assets.xcassets in Resources */,
				F49EC9F3236093200037889F /* Assets.xcassets in Resources */,
			);
			runOnlyForDeploymentPostprocessing = 0;
		};
/* End PBXResourcesBuildPhase section */

/* Begin PBXSourcesBuildPhase section */
		F49EC9E52360930C0037889F /* Sources */ = {
			isa = PBXSourcesBuildPhase;
			buildActionMask = 2147483647;
			files = (
				F49ECA1023609F280037889F /* MenuTableView.swift in Sources */,
				F49ECA0B236096E80037889F /* MenuController.swift in Sources */,
				F49ECA06236096060037889F /* PreparationTime.swift in Sources */,
				F49EC9ED2360930C0037889F /* AppDelegate.swift in Sources */,
				F49ECA0E23609B510037889F /* CategoryTableView.swift in Sources */,
				F49ECA022360951C0037889F /* MenuItem.swift in Sources */,
				F49ECA04236095EE0037889F /* Categories.swift in Sources */,
				F49ECA122360B50B0037889F /* MenuItemDetailView.swift in Sources */,
				F49EC9EF2360930C0037889F /* SceneDelegate.swift in Sources */,
				F42EE70A2361B8F1006C1FCE /* OrderView.swift in Sources */,
				F49EC9F12360930C0037889F /* ContentView.swift in Sources */,
				F49ECA082360963F0037889F /* Order.swift in Sources */,
			);
			runOnlyForDeploymentPostprocessing = 0;
		};
/* End PBXSourcesBuildPhase section */

/* Begin PBXVariantGroup section */
		F49EC9F7236093200037889F /* LaunchScreen.storyboard */ = {
			isa = PBXVariantGroup;
			children = (
				F49EC9F8236093200037889F /* Base */,
			);
			name = LaunchScreen.storyboard;
			sourceTree = "<group>";
		};
/* End PBXVariantGroup section */

/* Begin XCBuildConfiguration section */
		F49EC9FB236093200037889F /* Debug */ = {
			isa = XCBuildConfiguration;
			buildSettings = {
				ALWAYS_SEARCH_USER_PATHS = NO;
				CLANG_ANALYZER_NONNULL = YES;
				CLANG_ANALYZER_NUMBER_OBJECT_CONVERSION = YES_AGGRESSIVE;
				CLANG_CXX_LANGUAGE_STANDARD = "gnu++14";
				CLANG_CXX_LIBRARY = "libc++";
				CLANG_ENABLE_MODULES = YES;
				CLANG_ENABLE_OBJC_ARC = YES;
				CLANG_ENABLE_OBJC_WEAK = YES;
				CLANG_WARN_BLOCK_CAPTURE_AUTORELEASING = YES;
				CLANG_WARN_BOOL_CONVERSION = YES;
				CLANG_WARN_COMMA = YES;
				CLANG_WARN_CONSTANT_CONVERSION = YES;
				CLANG_WARN_DEPRECATED_OBJC_IMPLEMENTATIONS = YES;
				CLANG_WARN_DIRECT_OBJC_ISA_USAGE = YES_ERROR;
				CLANG_WARN_DOCUMENTATION_COMMENTS = YES;
				CLANG_WARN_EMPTY_BODY = YES;
				CLANG_WARN_ENUM_CONVERSION = YES;
				CLANG_WARN_INFINITE_RECURSION = YES;
				CLANG_WARN_INT_CONVERSION = YES;
				CLANG_WARN_NON_LITERAL_NULL_CONVERSION = YES;
				CLANG_WARN_OBJC_IMPLICIT_RETAIN_SELF = YES;
				CLANG_WARN_OBJC_LITERAL_CONVERSION = YES;
				CLANG_WARN_OBJC_ROOT_CLASS = YES_ERROR;
				CLANG_WARN_RANGE_LOOP_ANALYSIS = YES;
				CLANG_WARN_STRICT_PROTOTYPES = YES;
				CLANG_WARN_SUSPICIOUS_MOVE = YES;
				CLANG_WARN_UNGUARDED_AVAILABILITY = YES_AGGRESSIVE;
				CLANG_WARN_UNREACHABLE_CODE = YES;
				CLANG_WARN__DUPLICATE_METHOD_MATCH = YES;
				COPY_PHASE_STRIP = NO;
				DEBUG_INFORMATION_FORMAT = dwarf;
				ENABLE_STRICT_OBJC_MSGSEND = YES;
				ENABLE_TESTABILITY = YES;
				GCC_C_LANGUAGE_STANDARD = gnu11;
				GCC_DYNAMIC_NO_PIC = NO;
				GCC_NO_COMMON_BLOCKS = YES;
				GCC_OPTIMIZATION_LEVEL = 0;
				GCC_PREPROCESSOR_DEFINITIONS = (
					"DEBUG=1",
					"$(inherited)",
				);
				GCC_WARN_64_TO_32_BIT_CONVERSION = YES;
				GCC_WARN_ABOUT_RETURN_TYPE = YES_ERROR;
				GCC_WARN_UNDECLARED_SELECTOR = YES;
				GCC_WARN_UNINITIALIZED_AUTOS = YES_AGGRESSIVE;
				GCC_WARN_UNUSED_FUNCTION = YES;
				GCC_WARN_UNUSED_VARIABLE = YES;
				IPHONEOS_DEPLOYMENT_TARGET = 13.1;
				MTL_ENABLE_DEBUG_INFO = INCLUDE_SOURCE;
				MTL_FAST_MATH = YES;
				ONLY_ACTIVE_ARCH = YES;
				SDKROOT = iphoneos;
				SWIFT_ACTIVE_COMPILATION_CONDITIONS = DEBUG;
				SWIFT_OPTIMIZATION_LEVEL = "-Onone";
			};
			name = Debug;
		};
		F49EC9FC236093200037889F /* Release */ = {
			isa = XCBuildConfiguration;
			buildSettings = {
				ALWAYS_SEARCH_USER_PATHS = NO;
				CLANG_ANALYZER_NONNULL = YES;
				CLANG_ANALYZER_NUMBER_OBJECT_CONVERSION = YES_AGGRESSIVE;
				CLANG_CXX_LANGUAGE_STANDARD = "gnu++14";
				CLANG_CXX_LIBRARY = "libc++";
				CLANG_ENABLE_MODULES = YES;
				CLANG_ENABLE_OBJC_ARC = YES;
				CLANG_ENABLE_OBJC_WEAK = YES;
				CLANG_WARN_BLOCK_CAPTURE_AUTORELEASING = YES;
				CLANG_WARN_BOOL_CONVERSION = YES;
				CLANG_WARN_COMMA = YES;
				CLANG_WARN_CONSTANT_CONVERSION = YES;
				CLANG_WARN_DEPRECATED_OBJC_IMPLEMENTATIONS = YES;
				CLANG_WARN_DIRECT_OBJC_ISA_USAGE = YES_ERROR;
				CLANG_WARN_DOCUMENTATION_COMMENTS = YES;
				CLANG_WARN_EMPTY_BODY = YES;
				CLANG_WARN_ENUM_CONVERSION = YES;
				CLANG_WARN_INFINITE_RECURSION = YES;
				CLANG_WARN_INT_CONVERSION = YES;
				CLANG_WARN_NON_LITERAL_NULL_CONVERSION = YES;
				CLANG_WARN_OBJC_IMPLICIT_RETAIN_SELF = YES;
				CLANG_WARN_OBJC_LITERAL_CONVERSION = YES;
				CLANG_WARN_OBJC_ROOT_CLASS = YES_ERROR;
				CLANG_WARN_RANGE_LOOP_ANALYSIS = YES;
				CLANG_WARN_STRICT_PROTOTYPES = YES;
				CLANG_WARN_SUSPICIOUS_MOVE = YES;
				CLANG_WARN_UNGUARDED_AVAILABILITY = YES_AGGRESSIVE;
				CLANG_WARN_UNREACHABLE_CODE = YES;
				CLANG_WARN__DUPLICATE_METHOD_MATCH = YES;
				COPY_PHASE_STRIP = NO;
				DEBUG_INFORMATION_FORMAT = "dwarf-with-dsym";
				ENABLE_NS_ASSERTIONS = NO;
				ENABLE_STRICT_OBJC_MSGSEND = YES;
				GCC_C_LANGUAGE_STANDARD = gnu11;
				GCC_NO_COMMON_BLOCKS = YES;
				GCC_WARN_64_TO_32_BIT_CONVERSION = YES;
				GCC_WARN_ABOUT_RETURN_TYPE = YES_ERROR;
				GCC_WARN_UNDECLARED_SELECTOR = YES;
				GCC_WARN_UNINITIALIZED_AUTOS = YES_AGGRESSIVE;
				GCC_WARN_UNUSED_FUNCTION = YES;
				GCC_WARN_UNUSED_VARIABLE = YES;
				IPHONEOS_DEPLOYMENT_TARGET = 13.1;
				MTL_ENABLE_DEBUG_INFO = NO;
				MTL_FAST_MATH = YES;
				SDKROOT = iphoneos;
				SWIFT_COMPILATION_MODE = wholemodule;
				SWIFT_OPTIMIZATION_LEVEL = "-O";
				VALIDATE_PRODUCT = YES;
			};
			name = Release;
		};
		F49EC9FE236093200037889F /* Debug */ = {
			isa = XCBuildConfiguration;
			buildSettings = {
				ASSETCATALOG_COMPILER_APPICON_NAME = AppIcon;
				CODE_SIGN_STYLE = Automatic;
				DEVELOPMENT_ASSET_PATHS = "\"Allo-Apple-SwiftUI/Preview Content\"";
				DEVELOPMENT_TEAM = 2YN7JJJWR6;
				ENABLE_PREVIEWS = YES;
				INFOPLIST_FILE = "Allo-Apple-SwiftUI/Info.plist";
				LD_RUNPATH_SEARCH_PATHS = (
					"$(inherited)",
					"@executable_path/Frameworks",
				);
				PRODUCT_BUNDLE_IDENTIFIER = "fr.selimchiki.Allo-Apple-SwiftUI";
				PRODUCT_NAME = "$(TARGET_NAME)";
				SWIFT_VERSION = 5.0;
				TARGETED_DEVICE_FAMILY = "1,2";
			};
			name = Debug;
		};
		F49EC9FF236093200037889F /* Release */ = {
			isa = XCBuildConfiguration;
			buildSettings = {
				ASSETCATALOG_COMPILER_APPICON_NAME = AppIcon;
				CODE_SIGN_STYLE = Automatic;
				DEVELOPMENT_ASSET_PATHS = "\"Allo-Apple-SwiftUI/Preview Content\"";
				DEVELOPMENT_TEAM = 2YN7JJJWR6;
				ENABLE_PREVIEWS = YES;
				INFOPLIST_FILE = "Allo-Apple-SwiftUI/Info.plist";
				LD_RUNPATH_SEARCH_PATHS = (
					"$(inherited)",
					"@executable_path/Frameworks",
				);
				PRODUCT_BUNDLE_IDENTIFIER = "fr.selimchiki.Allo-Apple-SwiftUI";
				PRODUCT_NAME = "$(TARGET_NAME)";
				SWIFT_VERSION = 5.0;
				TARGETED_DEVICE_FAMILY = "1,2";
			};
			name = Release;
		};
/* End XCBuildConfiguration section */

/* Begin XCConfigurationList section */
		F49EC9E42360930C0037889F /* Build configuration list for PBXProject "Allo-Apple-SwiftUI" */ = {
			isa = XCConfigurationList;
			buildConfigurations = (
				F49EC9FB236093200037889F /* Debug */,
				F49EC9FC236093200037889F /* Release */,
			);
			defaultConfigurationIsVisible = 0;
			defaultConfigurationName = Release;
		};
		F49EC9FD236093200037889F /* Build configuration list for PBXNativeTarget "Allo-Apple-SwiftUI" */ = {
			isa = XCConfigurationList;
			buildConfigurations = (
				F49EC9FE236093200037889F /* Debug */,
				F49EC9FF236093200037889F /* Release */,
			);
			defaultConfigurationIsVisible = 0;
			defaultConfigurationName = Release;
		};
/* End XCConfigurationList section */
	};
	rootObject = F49EC9E12360930C0037889F /* Project object */;
}
